# This file is generated by running "yarn install" inside your project.
# Manual changes might be lost - proceed with caution!

__metadata:
  version: 8
  cacheKey: 10c0

"@datadocs/duckdb-wasm-dist@workspace:.":
  version: 0.0.0-use.local
  resolution: "@datadocs/duckdb-wasm-dist@workspace:."
  languageName: unknown
  linkType: soft

"@datadocs/duckdb-wasm@workspace:duckdb-wasm":
  version: 0.0.0-use.local
  resolution: "@datadocs/duckdb-wasm@workspace:duckdb-wasm"
  dependencies:
    apache-arrow: "npm:^11.0.0"
  languageName: unknown
  linkType: soft

"@types/command-line-args@npm:5.2.0":
  version: 5.2.0
  resolution: "@types/command-line-args@npm:5.2.0"
  checksum: 10c0/82a9308c9219fb19619dba302a4c3ccd039c8974b4b2d46265b9c99333168207743cba9c02fd85178d2f7f9a1e6d76c472e3ac45b1616b1f5926877c95ce0169
  languageName: node
  linkType: hard

"@types/command-line-usage@npm:5.0.2":
  version: 5.0.2
  resolution: "@types/command-line-usage@npm:5.0.2"
  checksum: 10c0/5553012915df5fcf95e1ef5363fa2d0bc8543d80aa972916cb8e0ab99c0581e573af6e5e9426560367353e86bea7ff11c73d7e1d979190fe8799f6229b6d1e32
  languageName: node
  linkType: hard

"@types/flatbuffers@npm:*":
  version: 1.10.3
  resolution: "@types/flatbuffers@npm:1.10.3"
  checksum: 10c0/d9e321b0605e724c042cebce678e5fc6f3740218209f57b7bc1f584942825ef14b819118f9c41d99e913c0aae5556ea6815891da57ee9a919fb4cc924795d533
  languageName: node
  linkType: hard

"@types/node@npm:18.7.23":
  version: 18.7.23
  resolution: "@types/node@npm:18.7.23"
  checksum: 10c0/dbc790c0d76ff9e8b8ee5a0e6f978fd23ae63320e26c22aff19e2d539ba5542224ff67155f2faa383d41c80ec1d9ffdd2cd0f9fd705fd32c3aba2ca4dcdd6c19
  languageName: node
  linkType: hard

"@types/pad-left@npm:2.1.1":
  version: 2.1.1
  resolution: "@types/pad-left@npm:2.1.1"
  checksum: 10c0/134a50786e5515e78b7b6a69150e768e877c6986ef637f921b9602d95cc73c0bb44ddbb160d7eb96706be792dc643e8b82617ef9760f4a5fa7f99cd06df03e50
  languageName: node
  linkType: hard

"ansi-styles@npm:^3.2.1":
  version: 3.2.1
  resolution: "ansi-styles@npm:3.2.1"
  dependencies:
    color-convert: "npm:^1.9.0"
  checksum: 10c0/ece5a8ef069fcc5298f67e3f4771a663129abd174ea2dfa87923a2be2abf6cd367ef72ac87942da00ce85bd1d651d4cd8595aebdb1b385889b89b205860e977b
  languageName: node
  linkType: hard

"apache-arrow@npm:^11.0.0":
  version: 11.0.0
  resolution: "apache-arrow@npm:11.0.0"
  dependencies:
    "@types/command-line-args": "npm:5.2.0"
    "@types/command-line-usage": "npm:5.0.2"
    "@types/flatbuffers": "npm:*"
    "@types/node": "npm:18.7.23"
    "@types/pad-left": "npm:2.1.1"
    command-line-args: "npm:5.2.1"
    command-line-usage: "npm:6.1.3"
    flatbuffers: "npm:2.0.4"
    json-bignum: "npm:^0.0.3"
    pad-left: "npm:^2.1.0"
    tslib: "npm:^2.4.0"
  bin:
    arrow2csv: bin/arrow2csv.js
  checksum: 10c0/60e74f6376900397bb3abe2d3b26c869d4b3f31a3cc720bba95215e85cba240f8983b182073b8df8f85a3fbd3cdd584d379fceee74aebc98ad879c3f1cfee238
  languageName: node
  linkType: hard

"array-back@npm:^3.0.1, array-back@npm:^3.1.0":
  version: 3.1.0
  resolution: "array-back@npm:3.1.0"
  checksum: 10c0/bb1fe86aa8b39c21e73c68c7abf8b05ed939b8951a3b17527217f6a2a84e00e4cfa4fdec823081689c5e216709bf1f214a4f5feeee6726eaff83897fa1a7b8ee
  languageName: node
  linkType: hard

"array-back@npm:^4.0.1, array-back@npm:^4.0.2":
  version: 4.0.2
  resolution: "array-back@npm:4.0.2"
  checksum: 10c0/8beb5b4c9535eab2905d4ff7d16c4d90ee5ca080d2b26b1e637434c0fcfadb3585283524aada753bd5d06bb88a5dac9e175c3a236183741d3d795a69b6678c96
  languageName: node
  linkType: hard

"chalk@npm:^2.4.2":
  version: 2.4.2
  resolution: "chalk@npm:2.4.2"
  dependencies:
    ansi-styles: "npm:^3.2.1"
    escape-string-regexp: "npm:^1.0.5"
    supports-color: "npm:^5.3.0"
  checksum: 10c0/e6543f02ec877732e3a2d1c3c3323ddb4d39fbab687c23f526e25bd4c6a9bf3b83a696e8c769d078e04e5754921648f7821b2a2acfd16c550435fd630026e073
  languageName: node
  linkType: hard

"color-convert@npm:^1.9.0":
  version: 1.9.3
  resolution: "color-convert@npm:1.9.3"
  dependencies:
    color-name: "npm:1.1.3"
  checksum: 10c0/5ad3c534949a8c68fca8fbc6f09068f435f0ad290ab8b2f76841b9e6af7e0bb57b98cb05b0e19fe33f5d91e5a8611ad457e5f69e0a484caad1f7487fd0e8253c
  languageName: node
  linkType: hard

"color-name@npm:1.1.3":
  version: 1.1.3
  resolution: "color-name@npm:1.1.3"
  checksum: 10c0/566a3d42cca25b9b3cd5528cd7754b8e89c0eb646b7f214e8e2eaddb69994ac5f0557d9c175eb5d8f0ad73531140d9c47525085ee752a91a2ab15ab459caf6d6
  languageName: node
  linkType: hard

"command-line-args@npm:5.2.1":
  version: 5.2.1
  resolution: "command-line-args@npm:5.2.1"
  dependencies:
    array-back: "npm:^3.1.0"
    find-replace: "npm:^3.0.0"
    lodash.camelcase: "npm:^4.3.0"
    typical: "npm:^4.0.0"
  checksum: 10c0/a4f6a23a1e420441bd1e44dee24efd12d2e49af7efe6e21eb32fca4e843ca3d5501ddebad86a4e9d99aa626dd6dcb64c04a43695388be54e3a803dbc326cc89f
  languageName: node
  linkType: hard

"command-line-usage@npm:6.1.3":
  version: 6.1.3
  resolution: "command-line-usage@npm:6.1.3"
  dependencies:
    array-back: "npm:^4.0.2"
    chalk: "npm:^2.4.2"
    table-layout: "npm:^1.0.2"
    typical: "npm:^5.2.0"
  checksum: 10c0/23d7577ccb6b6c004e67bb6a9a8cb77282ae7b7507ae92249a9548a39050b7602fef70f124c765000ab23b8f7e0fb7a3352419ab73ea42a2d9ea32f520cdfe9e
  languageName: node
  linkType: hard

"deep-extend@npm:~0.6.0":
  version: 0.6.0
  resolution: "deep-extend@npm:0.6.0"
  checksum: 10c0/1c6b0abcdb901e13a44c7d699116d3d4279fdb261983122a3783e7273844d5f2537dc2e1c454a23fcf645917f93fbf8d07101c1d03c015a87faa662755212566
  languageName: node
  linkType: hard

"escape-string-regexp@npm:^1.0.5":
  version: 1.0.5
  resolution: "escape-string-regexp@npm:1.0.5"
  checksum: 10c0/a968ad453dd0c2724e14a4f20e177aaf32bb384ab41b674a8454afe9a41c5e6fe8903323e0a1052f56289d04bd600f81278edf140b0fcc02f5cac98d0f5b5371
  languageName: node
  linkType: hard

"find-replace@npm:^3.0.0":
  version: 3.0.0
  resolution: "find-replace@npm:3.0.0"
  dependencies:
    array-back: "npm:^3.0.1"
  checksum: 10c0/fcd1bf7960388c8193c2861bcdc760c18ac14edb4bde062a961915d9a25727b2e8aabf0229e90cc09c753fd557e5a3e5ae61e49cadbe727be89a9e8e49ce7668
  languageName: node
  linkType: hard

"flatbuffers@npm:2.0.4":
  version: 2.0.4
  resolution: "flatbuffers@npm:2.0.4"
  checksum: 10c0/1105aca4ffec0d1b2e2ffdfa22464194a7cf309281d47c98cafce0a69fb6dc30bde234e8855ba251edae6a31e1302f2e861e37a10ca05a85c45e6e018f85b9dc
  languageName: node
  linkType: hard

"has-flag@npm:^3.0.0":
  version: 3.0.0
  resolution: "has-flag@npm:3.0.0"
  checksum: 10c0/1c6c83b14b8b1b3c25b0727b8ba3e3b647f99e9e6e13eb7322107261de07a4c1be56fc0d45678fc376e09772a3a1642ccdaf8fc69bdf123b6c086598397ce473
  languageName: node
  linkType: hard

"json-bignum@npm:^0.0.3":
  version: 0.0.3
  resolution: "json-bignum@npm:0.0.3"
  checksum: 10c0/f9f9312d57a68f72676802fa087da4ed60241d73b6cc0e3fb9f587ca0de7364efb62612a14414ccfbedc0b77ce3c320adca21834a5673c99eb3375aef9f561db
  languageName: node
  linkType: hard

"lodash.camelcase@npm:^4.3.0":
  version: 4.3.0
  resolution: "lodash.camelcase@npm:4.3.0"
  checksum: 10c0/fcba15d21a458076dd309fce6b1b4bf611d84a0ec252cb92447c948c533ac250b95d2e00955801ebc367e5af5ed288b996d75d37d2035260a937008e14eaf432
  languageName: node
  linkType: hard

"pad-left@npm:^2.1.0":
  version: 2.1.0
  resolution: "pad-left@npm:2.1.0"
  dependencies:
    repeat-string: "npm:^1.5.4"
  checksum: 10c0/446c858bf3f7171cd164569aec074f3fe05ed9bcd03bc4016bb02b14733060344e54965e61667b46b67242ff77ae13d2ef9c35b6b039aed658ef5e9d1872f5d4
  languageName: node
  linkType: hard

"reduce-flatten@npm:^2.0.0":
  version: 2.0.0
  resolution: "reduce-flatten@npm:2.0.0"
  checksum: 10c0/9275064535bc070a787824c835a4f18394942f8a78f08e69fb500920124ce1c46a287c8d9e565a7ffad8104875a6feda14efa8e951e8e4585370b8ff007b0abd
  languageName: node
  linkType: hard

"repeat-string@npm:^1.5.4":
  version: 1.6.1
  resolution: "repeat-string@npm:1.6.1"
  checksum: 10c0/87fa21bfdb2fbdedc44b9a5b118b7c1239bdd2c2c1e42742ef9119b7d412a5137a1d23f1a83dc6bb686f4f27429ac6f542e3d923090b44181bafa41e8ac0174d
  languageName: node
  linkType: hard

"supports-color@npm:^5.3.0":
  version: 5.5.0
  resolution: "supports-color@npm:5.5.0"
  dependencies:
    has-flag: "npm:^3.0.0"
  checksum: 10c0/6ae5ff319bfbb021f8a86da8ea1f8db52fac8bd4d499492e30ec17095b58af11f0c55f8577390a749b1c4dde691b6a0315dab78f5f54c9b3d83f8fb5905c1c05
  languageName: node
  linkType: hard

"table-layout@npm:^1.0.2":
  version: 1.0.2
  resolution: "table-layout@npm:1.0.2"
  dependencies:
    array-back: "npm:^4.0.1"
    deep-extend: "npm:~0.6.0"
    typical: "npm:^5.2.0"
    wordwrapjs: "npm:^4.0.0"
  checksum: 10c0/c1d16d5ba2199571606ff574a5c91cff77f14e8477746e191e7dfd294da03e61af4e8004f1f6f783da9582e1365f38d3c469980428998750d558bf29462cc6c3
  languageName: node
  linkType: hard

"tslib@npm:^2.4.0":
  version: 2.8.1
  resolution: "tslib@npm:2.8.1"
  checksum: 10c0/9c4759110a19c53f992d9aae23aac5ced636e99887b51b9e61def52611732872ff7668757d4e4c61f19691e36f4da981cd9485e869b4a7408d689f6bf1f14e62
  languageName: node
  linkType: hard

"typical@npm:^4.0.0":
  version: 4.0.0
  resolution: "typical@npm:4.0.0"
  checksum: 10c0/f300b198fb9fe743859b75ec761d53c382723dc178bbce4957d9cb754f2878a44ce17dc0b6a5156c52be1065449271f63754ba594dac225b80ce3aa39f9241ed
  languageName: node
  linkType: hard

"typical@npm:^5.2.0":
  version: 5.2.0
  resolution: "typical@npm:5.2.0"
  checksum: 10c0/1cceaa20d4b77a02ab8eccfe4a20500729431aecc1e1b7dc70c0e726e7966efdca3bf0b4bee285555b751647e37818fd99154ea73f74b5c29adc95d3c13f5973
  languageName: node
  linkType: hard

"wordwrapjs@npm:^4.0.0":
  version: 4.0.1
  resolution: "wordwrapjs@npm:4.0.1"
  dependencies:
    reduce-flatten: "npm:^2.0.0"
    typical: "npm:^5.2.0"
  checksum: 10c0/4cc43eb0f6adb7214d427e68918357a9df483815efbb4c59beb30972714b1804ede2a551b1dfd2234c0bd413c6f07d6daa6522d1c53f43f89a376d815fbf3c43
  languageName: node
  linkType: hard
